github.com/Eminlin/GoADIFLog v0.0.0-20230310080720-51e6fad1c012 h1:9jk7mfP0IfufRtUJnRor+0ZFkBVHDTGs+J4nf+Y+DGI=
github.com/Eminlin/GoADIFLog v0.0.0-20230310080720-51e6fad1c012/go.mod h1:mcMDppVais4AI3S803uYE9Mts7KVicyiZn4NllBQ6gs=
github.com/Matir/adifparser v0.0.0-20230124172935-2c465737f437 h1:bravWZ8akTqGcbN8CiYXQ74WVRvv5HfUUuHVQ34s6Xg=
github.com/Matir/adifparser v0.0.0-20230124172935-2c465737f437/go.mod h1:FrRQMGHkxX+CKufTY3SM7WM395NhLiOdx5//5Yi6+aI=
github.com/hamradiolog-net/adif-spec/v6 v6.0.0-beta.6 h1:a9lnxLHrNB+VfNkWp23iQgV00nNoaW3FfJEt5ExWS2c=
github.com/hamradiolog-net/adif-spec/v6 v6.0.0-beta.6/go.mod h1:XAAslZANuhEuLWOv08GbKI0hXEcj+huIXO5su7YWlgA=
github.com/hamradiolog-net/adif/v4 v4.0.6 h1:KBmBeRTy/g9Sc95lwixgspoA/0K/jSZ2BAyoTtdoQvU=
github.com/hamradiolog-net/adif/v4 v4.0.6/go.mod h1:qXkipRJRvwDulD0zELL5LiiZy1KjZwwKdNUiaApufqU=
