github.com/Eminlin/GoADIFLog v0.0.0-20230310080720-51e6fad1c012 h1:9jk7mfP0IfufRtUJnRor+0ZFkBVHDTGs+J4nf+Y+DGI=
github.com/Eminlin/GoADIFLog v0.0.0-20230310080720-51e6fad1c012/go.mod h1:mcMDppVais4AI3S803uYE9Mts7KVicyiZn4NllBQ6gs=
github.com/Matir/adifparser v0.0.0-20230124172935-2c465737f437 h1:bravWZ8akTqGcbN8CiYXQ74WVRvv5HfUUuHVQ34s6Xg=
github.com/Matir/adifparser v0.0.0-20230124172935-2c465737f437/go.mod h1:FrRQMGHkxX+CKufTY3SM7WM395NhLiOdx5//5Yi6+aI=
github.com/farmergreg/adif/v5 v5.0.0-beta.13 h1:4tN4hjL+66AJj4NGfvX5P716Fpte+Sf2dcTmQBqAkpI=
github.com/farmergreg/adif/v5 v5.0.0-beta.13/go.mod h1:exoy1CSahb968ZD/BzhFQzhPeG5Bze0vSt4QwsPaIPg=
github.com/farmergreg/spec/v6 v6.0.0-beta.27 h1:h4KheYmsiT7glxM8//yiwipiXrfgfNcCcOmyK0z4wTk=
github.com/farmergreg/spec/v6 v6.0.0-beta.27/go.mod h1:SPPWP5cXZtz1f4y/Ui6R5K1ZEMgJkcVA0AEt7/IfH+I=
github.com/flwyd/adif-multitool v0.1.20 h1:2JhSbFVCxub0IpFkn66M/2Eh6MbrE8OIPE7MDFYqaCQ=
github.com/flwyd/adif-multitool v0.1.20/go.mod h1:MlaXAPsg9MUdFc8Jnd7ZMbPbfKrFTzEz8Ov14Svrr74=
github.com/google/go-cmp v0.6.0 h1:ofyhxvXcZhMsU5ulbFiLKl/XBFqE1GSq7atu8tAmTRI=
github.com/google/go-cmp v0.6.0/go.mod h1:17dUlkBOakJ0+DkrSSNjCkIjxS6bF9zb3elmeNGIjoY=
golang.org/x/exp v0.0.0-20230817173708-d852ddb80c63 h1:m64FZMko/V45gv0bNmrNYoDEq8U5YUhetc9cBWKS1TQ=
golang.org/x/exp v0.0.0-20230817173708-d852ddb80c63/go.mod h1:0v4NqG35kSWCMzLaMeX+IQrlSnVE/bqGSyC2cz/9Le8=
